
Microsoft Visual Studio Solution File, Format Version 12.00
# Visual Studio Version 17
VisualStudioVersion = 17.1.32421.90
MinimumVisualStudioVersion = 10.0.40219.1
Project("{FAE04EC0-301F-11D3-BF4B-00C04F79EFBC}") = "PracticaWhile", "PracticaWhile\PracticaWhile.csproj", "{22F92EB7-78F4-46BE-BB17-CDEF1081AF54}"
EndProject
Global
	GlobalSection(SolutionConfigurationPlatforms) = preSolution
		Debug|Any CPU = Debug|Any CPU
		Release|Any CPU = Release|Any CPU
	EndGlobalSection
	GlobalSection(ProjectConfigurationPlatforms) = postSolution
		{22F92EB7-78F4-46BE-BB17-CDEF1081AF54}.Debug|Any CPU.ActiveCfg = Debug|Any CPU
		{22F92EB7-78F4-46BE-BB17-CDEF1081AF54}.Debug|Any CPU.Build.0 = Debug|Any CPU
		{22F92EB7-78F4-46BE-BB17-CDEF1081AF54}.Release|Any CPU.ActiveCfg = Release|Any CPU
		{22F92EB7-78F4-46BE-BB17-CDEF1081AF54}.Release|Any CPU.Build.0 = Release|Any CPU
	EndGlobalSection
	GlobalSection(SolutionProperties) = preSolution
		HideSolutionNode = FALSE
	EndGlobalSection
	GlobalSection(ExtensibilityGlobals) = postSolution
		SolutionGuid = {A6BA63BF-B080-44BA-A612-C8466E7786BD}
	EndGlobalSection
EndGlobal
